
Microsoft Visual Studio Solution File, Format Version 12.00
# Visual Studio 15
VisualStudioVersion = 15.0.27703.2026
MinimumVisualStudioVersion = 10.0.40219.1
Project("{FAE04EC0-301F-11D3-BF4B-00C04F79EFBC}") = "ShortLink", "ShortLink\ShortLink.csproj", "{4A2E39B6-583D-47F7-B510-4A2FB2B11A50}"
EndProject
Project("{FAE04EC0-301F-11D3-BF4B-00C04F79EFBC}") = "ShortLink.Test", "ShortLink.Test\ShortLink.Test.csproj", "{53F96FAE-C04F-4AE4-8ED3-B93B3D8FFD40}"
EndProject
Global
	GlobalSection(SolutionConfigurationPlatforms) = preSolution
		Debug|Any CPU = Debug|Any CPU
		Release|Any CPU = Release|Any CPU
	EndGlobalSection
	GlobalSection(ProjectConfigurationPlatforms) = postSolution
		{4A2E39B6-583D-47F7-B510-4A2FB2B11A50}.Debug|Any CPU.ActiveCfg = Debug|Any CPU
		{4A2E39B6-583D-47F7-B510-4A2FB2B11A50}.Debug|Any CPU.Build.0 = Debug|Any CPU
		{4A2E39B6-583D-47F7-B510-4A2FB2B11A50}.Release|Any CPU.ActiveCfg = Release|Any CPU
		{4A2E39B6-583D-47F7-B510-4A2FB2B11A50}.Release|Any CPU.Build.0 = Release|Any CPU
		{53F96FAE-C04F-4AE4-8ED3-B93B3D8FFD40}.Debug|Any CPU.ActiveCfg = Debug|Any CPU
		{53F96FAE-C04F-4AE4-8ED3-B93B3D8FFD40}.Debug|Any CPU.Build.0 = Debug|Any CPU
		{53F96FAE-C04F-4AE4-8ED3-B93B3D8FFD40}.Release|Any CPU.ActiveCfg = Release|Any CPU
		{53F96FAE-C04F-4AE4-8ED3-B93B3D8FFD40}.Release|Any CPU.Build.0 = Release|Any CPU
	EndGlobalSection
	GlobalSection(SolutionProperties) = preSolution
		HideSolutionNode = FALSE
	EndGlobalSection
	GlobalSection(ExtensibilityGlobals) = postSolution
		SolutionGuid = {9E0AF5F7-92CA-4458-A38F-DE7DCA176F4F}
	EndGlobalSection
EndGlobal
